
Microsoft Visual Studio Solution File, Format Version 12.00
# Visual Studio Version 17
VisualStudioVersion = 17.8.34408.163
MinimumVisualStudioVersion = 10.0.40219.1
Project("{FAE04EC0-301F-11D3-BF4B-00C04F79EFBC}") = "SaveManager", "SaveManager\SaveManager.csproj", "{847ABA21-18F9-4726-A604-E233CC8F7C9E}"
EndProject
Project("{FAE04EC0-301F-11D3-BF4B-00C04F79EFBC}") = "ConsoleDoesNotDisableAchievements", "ConsoleDoesNotDisableAchievements\ConsoleDoesNotDisableAchievements.csproj", "{B8BBF533-4ED8-42A1-BD1C-2D9125A1C4B0}"
EndProject
Global
	GlobalSection(SolutionConfigurationPlatforms) = preSolution
		Debug|Any CPU = Debug|Any CPU
		Publish|Any CPU = Publish|Any CPU
		Release|Any CPU = Release|Any CPU
	EndGlobalSection
	GlobalSection(ProjectConfigurationPlatforms) = postSolution
		{847ABA21-18F9-4726-A604-E233CC8F7C9E}.Debug|Any CPU.ActiveCfg = Debug|Any CPU
		{847ABA21-18F9-4726-A604-E233CC8F7C9E}.Debug|Any CPU.Build.0 = Debug|Any CPU
		{847ABA21-18F9-4726-A604-E233CC8F7C9E}.Publish|Any CPU.ActiveCfg = Publish|Any CPU
		{847ABA21-18F9-4726-A604-E233CC8F7C9E}.Publish|Any CPU.Build.0 = Publish|Any CPU
		{847ABA21-18F9-4726-A604-E233CC8F7C9E}.Release|Any CPU.ActiveCfg = Release|Any CPU
		{847ABA21-18F9-4726-A604-E233CC8F7C9E}.Release|Any CPU.Build.0 = Release|Any CPU
		{B8BBF533-4ED8-42A1-BD1C-2D9125A1C4B0}.Debug|Any CPU.ActiveCfg = Debug|Any CPU
		{B8BBF533-4ED8-42A1-BD1C-2D9125A1C4B0}.Debug|Any CPU.Build.0 = Debug|Any CPU
		{B8BBF533-4ED8-42A1-BD1C-2D9125A1C4B0}.Publish|Any CPU.ActiveCfg = Publish|Any CPU
		{B8BBF533-4ED8-42A1-BD1C-2D9125A1C4B0}.Publish|Any CPU.Build.0 = Publish|Any CPU
		{B8BBF533-4ED8-42A1-BD1C-2D9125A1C4B0}.Release|Any CPU.ActiveCfg = Release|Any CPU
		{B8BBF533-4ED8-42A1-BD1C-2D9125A1C4B0}.Release|Any CPU.Build.0 = Release|Any CPU
	EndGlobalSection
	GlobalSection(SolutionProperties) = preSolution
		HideSolutionNode = FALSE
	EndGlobalSection
	GlobalSection(ExtensibilityGlobals) = postSolution
		SolutionGuid = {A1D58941-9B7A-48F8-81C0-FE71A90DC754}
	EndGlobalSection
EndGlobal
