
Microsoft Visual Studio Solution File, Format Version 12.00
# Visual Studio Version 17
VisualStudioVersion = 17.5.002.0
MinimumVisualStudioVersion = 10.0.40219.1
Project("{9A19103F-16F7-4668-BE54-9A1E7A4F7556}") = "SaveManager", "SaveManager.csproj", "{3272ED6A-E00E-4822-A99A-D03A33B332EE}"
EndProject
Global
	GlobalSection(SolutionConfigurationPlatforms) = preSolution
		Debug|Any CPU = Debug|Any CPU
		Release|Any CPU = Release|Any CPU
	EndGlobalSection
	GlobalSection(ProjectConfigurationPlatforms) = postSolution
		{3272ED6A-E00E-4822-A99A-D03A33B332EE}.Debug|Any CPU.ActiveCfg = Debug|Any CPU
		{3272ED6A-E00E-4822-A99A-D03A33B332EE}.Debug|Any CPU.Build.0 = Debug|Any CPU
		{3272ED6A-E00E-4822-A99A-D03A33B332EE}.Release|Any CPU.ActiveCfg = Release|Any CPU
		{3272ED6A-E00E-4822-A99A-D03A33B332EE}.Release|Any CPU.Build.0 = Release|Any CPU
	EndGlobalSection
	GlobalSection(SolutionProperties) = preSolution
		HideSolutionNode = FALSE
	EndGlobalSection
	GlobalSection(ExtensibilityGlobals) = postSolution
		SolutionGuid = {6B6C908C-D401-4BE5-A6C5-F8B08007FC4D}
	EndGlobalSection
EndGlobal
